// !$*UTF8*$!
{
	archiveVersion = 1;
	classes = {
	};
	objectVersion = 46;
	objects = {
/* Begin PBXBuildFile section */
		0207DA581B56EA530066E2B4 /* Images.xcassets in Resources */ = {isa = PBXBuildFile; fileRef = 0207DA571B56EA530066E2B4 /* Images.xcassets */; };
		1D3623260D0F684500981E51 /* AppDelegate.m in Sources */ = {isa = PBXBuildFile; fileRef = 1D3623250D0F684500981E51 /* AppDelegate.m */; };
		1D60589B0D05DD56006BFB54 /* main.m in Sources */ = {isa = PBXBuildFile; fileRef = 29B97316FDCFA39411CA2CEA /* main.m */; };
		301BF552109A68D80062928A /* libCordova.a in Frameworks */ = {isa = PBXBuildFile; fileRef = 301BF535109A57CC0062928A /* libCordova.a */; };
		302D95F114D2391D003F00A1 /* MainViewController.m in Sources */ = {isa = PBXBuildFile; fileRef = 302D95EF14D2391D003F00A1 /* MainViewController.m */; };
		302D95F214D2391D003F00A1 /* MainViewController.xib in Resources */ = {isa = PBXBuildFile; fileRef = 302D95F014D2391D003F00A1 /* MainViewController.xib */; };
		3047A5121AB8059700498E2A /* build-debug.xcconfig in Resources */ = {isa = PBXBuildFile; fileRef = 3047A50F1AB8059700498E2A /* build-debug.xcconfig */; };
		3047A5131AB8059700498E2A /* build-release.xcconfig in Resources */ = {isa = PBXBuildFile; fileRef = 3047A5101AB8059700498E2A /* build-release.xcconfig */; };
		3047A5141AB8059700498E2A /* build.xcconfig in Resources */ = {isa = PBXBuildFile; fileRef = 3047A5111AB8059700498E2A /* build.xcconfig */; };
		6AFF5BF91D6E424B00AB3073 /* CDVLaunchScreen.storyboard in Resources */ = {isa = PBXBuildFile; fileRef = 6AFF5BF81D6E424B00AB3073 /* CDVLaunchScreen.storyboard */; };
		006C77423A7443CFAEFB054E /* GoogleMobileAds.framework in Frameworks */ = {isa = PBXBuildFile; fileRef = D752AD63F9FF42F8898E31E8 /* GoogleMobileAds.framework */; };
		816D31DCE6D44C88B65D9F11 /* AdSupport.framework in Frameworks */ = {isa = PBXBuildFile; fileRef = F4939C12917A4DE0A6188E23 /* AdSupport.framework */; };
		C88041E5CC584F37AE883B11 /* AudioToolbox.framework in Frameworks */ = {isa = PBXBuildFile; fileRef = 7C91DB2821254E6A9D182593 /* AudioToolbox.framework */; };
		EDBD5D0AE35B4D9E81F2EB73 /* AVFoundation.framework in Frameworks */ = {isa = PBXBuildFile; fileRef = 16B86B373FC24ECB82F619EB /* AVFoundation.framework */; };
		68D45DF02C9C484B981CFF59 /* CoreBluetooth.framework in Frameworks */ = {isa = PBXBuildFile; fileRef = A9BFCDA8481042E29A405FC3 /* CoreBluetooth.framework */; };
		5903D2CB29354027B281AE42 /* CoreMedia.framework in Frameworks */ = {isa = PBXBuildFile; fileRef = 8061CF8085C24D05ABE69148 /* CoreMedia.framework */; };
		627C91B0B5AE49759F0D36B1 /* CoreMotion.framework in Frameworks */ = {isa = PBXBuildFile; fileRef = E6F7CE0D227743F2AFA2F6BB /* CoreMotion.framework */; };
		53DA4B8D61C8445D94BE80BE /* CoreTelephony.framework in Frameworks */ = {isa = PBXBuildFile; fileRef = 602648F940A5478DB057150F /* CoreTelephony.framework */; };
		C6B238F7CFEA43D69A411329 /* CoreVideo.framework in Frameworks */ = {isa = PBXBuildFile; fileRef = 04B0B86EFF794BC5868B7A62 /* CoreVideo.framework */; };
		A36A55C87D7F44EDAAE8F2BD /* EventKit.framework in Frameworks */ = {isa = PBXBuildFile; fileRef = 579EB914B02C4D8998252C98 /* EventKit.framework */; };
		123D2DF0E65C40E4A77564F2 /* EventKitUI.framework in Frameworks */ = {isa = PBXBuildFile; fileRef = 2A3B7813793E45E0B085D1B5 /* EventKitUI.framework */; };
		12AF31E5A98C494FB2F3FA3F /* Foundation.framework in Frameworks */ = {isa = PBXBuildFile; fileRef = F91962C8C8B7493EBF0DEA3A /* Foundation.framework */; };
		B83599462582451EBC04A64B /* GLKit.framework in Frameworks */ = {isa = PBXBuildFile; fileRef = C715ABE6E15B459EB256FA89 /* GLKit.framework */; };
		4CFADCDED54548C3BBC27159 /* MediaPlayer.framework in Frameworks */ = {isa = PBXBuildFile; fileRef = CA330604BD3A4BE28BE8C387 /* MediaPlayer.framework */; };
		86E6BFC2CE7C4E27940F881A /* MessageUI.framework in Frameworks */ = {isa = PBXBuildFile; fileRef = 099ABAAAA0494B64B0CBE5D5 /* MessageUI.framework */; };
		A3DB132066CB4606B024375E /* OpenGLES.framework in Frameworks */ = {isa = PBXBuildFile; fileRef = 25929C5C88054F2CA334F5FD /* OpenGLES.framework */; };
		DDE6A8D2FE1843B89672CB86 /* SafariServices.framework in Frameworks */ = {isa = PBXBuildFile; fileRef = 40D65BA1FB584D40A53146DB /* SafariServices.framework */; };
		244A0F99EC604F31841725B8 /* StoreKit.framework in Frameworks */ = {isa = PBXBuildFile; fileRef = 2AB926AEAD144DB3B92F35BD /* StoreKit.framework */; };
		7BA1051BFEB74EDC92D4472F /* SystemConfiguration.framework in Frameworks */ = {isa = PBXBuildFile; fileRef = 2D5F547AFF8F410AAEFD06BB /* SystemConfiguration.framework */; };
		7933FB295A7843F79677885C /* UIKit.framework in Frameworks */ = {isa = PBXBuildFile; fileRef = E1085292F5BD41AC81996955 /* UIKit.framework */; };
		D1DC6742FD2F4636ACA85183 /* CDVAdMob.m in Sources */ = {isa = PBXBuildFile; fileRef = BC85FBB72207499589FCE076 /* CDVAdMob.m */; };
		8BF5047FD7F14CB19F23700D /* AppVersion.m in Sources */ = {isa = PBXBuildFile; fileRef = DDF111E307BC46E9B187A6B5 /* AppVersion.m */; };
		3363FD256C3A43AAA4D1D154 /* CDVDevice.m in Sources */ = {isa = PBXBuildFile; fileRef = 2775A33D11354B4EB88253B6 /* CDVDevice.m */; };
		EBD307B63FFF4B05901E057E /* FacebookConnectPlugin.m in Sources */ = {isa = PBXBuildFile; fileRef = E03A6E559860443E8960778B /* FacebookConnectPlugin.m */; };
		F35DEBEAF9A1479EB13E177C /* Bolts.framework in Frameworks */ = {isa = PBXBuildFile; fileRef = 3836D3B1F981440D8E50B044 /* Bolts.framework */; };
		FC328381373B457EBBF23002 /* FBSDKCoreKit.framework in Frameworks */ = {isa = PBXBuildFile; fileRef = 335840EB955344DAAFFF347D /* FBSDKCoreKit.framework */; };
		FAC18AF92B4143D29A98F79D /* FBSDKLoginKit.framework in Frameworks */ = {isa = PBXBuildFile; fileRef = 0EA764ED80C5494ABD30292A /* FBSDKLoginKit.framework */; };
		988F9A72D03E4C63A3F9F6EF /* FBSDKShareKit.framework in Frameworks */ = {isa = PBXBuildFile; fileRef = 79A979DE6DBA4A28A817010F /* FBSDKShareKit.framework */; };
		6B8548331553450E9E767CAB /* CDVInAppBrowser.m in Sources */ = {isa = PBXBuildFile; fileRef = BAFD1EE197854A6D8F348EAE /* CDVInAppBrowser.m */; };
		5B730E490C994A2F8FDCD5F5 /* CDVSpinnerDialog.m in Sources */ = {isa = PBXBuildFile; fileRef = 66A12119BC9041CF94E0A7E8 /* CDVSpinnerDialog.m */; };
		AF6572AE651F45DFAE3BC967 /* CDVConnection.m in Sources */ = {isa = PBXBuildFile; fileRef = C09595B386324733ADC32188 /* CDVConnection.m */; };
		4994B9A28F014135810A16EA /* CDVReachability.m in Sources */ = {isa = PBXBuildFile; fileRef = CB21A88D56B548FBA53F939E /* CDVReachability.m */; };
		D8126205DFE6460BA8F116CF /* CDVSplashScreen.m in Sources */ = {isa = PBXBuildFile; fileRef = C8B71641129F41188874A0E6 /* CDVSplashScreen.m */; };
		FBFDD96A608D426386B4585A /* CDVViewController+SplashScreen.m in Sources */ = {isa = PBXBuildFile; fileRef = DDA612780EC94A4FBAB7FA30 /* CDVViewController+SplashScreen.m */; };
		1DF00C4BBD3B44BC87BB3E86 /* CDVStatusBar.m in Sources */ = {isa = PBXBuildFile; fileRef = 5476855116204FCA8EFE3C6A /* CDVStatusBar.m */; };
		13C8F8CBCDDF438CB25D75E9 /* CDVThemeableBrowser.m in Sources */ = {isa = PBXBuildFile; fileRef = AEB352E1B08E4289910C5015 /* CDVThemeableBrowser.m */; };
		A52A6E2337934047B3C24375 /* NSString+SSURLEncoding.m in Sources */ = {isa = PBXBuildFile; fileRef = 983A334F2BE744F5A6F6EEAD /* NSString+SSURLEncoding.m */; };
		99217824B4C14645BB331F81 /* SocialSharing.m in Sources */ = {isa = PBXBuildFile; fileRef = 0460E499F3524816B6015DAC /* SocialSharing.m */; };
		28E00147CFBF4F979598FBE2 /* Social.framework in Frameworks */ = {isa = PBXBuildFile; fileRef = 0E98F112EDB347E7BDC12413 /* Social.framework */; settings = {ATTRIBUTES = (Weak, ); }; };
		BAF520CC88E94DB88B53BF87 /* Toast+UIView.m in Sources */ = {isa = PBXBuildFile; fileRef = C493F54FE36F4E5C9DB574D8 /* Toast+UIView.m */; };
		E157F73CB54544659BC5894F /* Toast.m in Sources */ = {isa = PBXBuildFile; fileRef = 5E1AD17209364C93B3991FDD /* Toast.m */; };
		6881C6FBE2F34301B2BF7D2B /* QuartzCore.framework in Frameworks */ = {isa = PBXBuildFile; fileRef = 6B1086C5798A485FB0FF8637 /* QuartzCore.framework */; };
		D75B1CBD5CBF4D379472BCC6 /* IonicKeyboard.m in Sources */ = {isa = PBXBuildFile; fileRef = 68DCB2BA8013444DA7B8CD52 /* IonicKeyboard.m */; };
		9C27E6A8E0D243DCAD8A6D79 /* OneSignalPush.m in Sources */ = {isa = PBXBuildFile; fileRef = A1FA3C0F419F42FA8BD73A46 /* OneSignalPush.m */; };
		B7D4648ABFA34A5E86969325 /* AppPreferences.m in Sources */ = {isa = PBXBuildFile; fileRef = DBD9611AB50142FEB7850E22 /* AppPreferences.m */; };
/* End PBXBuildFile section */

/* Begin PBXContainerItemProxy section */
		301BF534109A57CC0062928A /* PBXContainerItemProxy */ = {
			isa = PBXContainerItemProxy;
			containerPortal = 301BF52D109A57CC0062928A /* CordovaLib.xcodeproj */;
			proxyType = 2;
			remoteGlobalIDString = D2AAC07E0554694100DB518D;
			remoteInfo = CordovaLib;
		};
		301BF550109A68C00062928A /* PBXContainerItemProxy */ = {
			isa = PBXContainerItemProxy;
			containerPortal = 301BF52D109A57CC0062928A /* CordovaLib.xcodeproj */;
			proxyType = 1;
			remoteGlobalIDString = D2AAC07D0554694100DB518D;
			remoteInfo = CordovaLib;
		};
/* End PBXContainerItemProxy section */

/* Begin PBXFileReference section */
		0207DA571B56EA530066E2B4 /* Images.xcassets */ = {isa = PBXFileReference; lastKnownFileType = folder.assetcatalog; name = Images.xcassets; path = "TryOn Alpha App/Images.xcassets"; sourceTree = SOURCE_ROOT; };
		1D3623240D0F684500981E51 /* AppDelegate.h */ = {isa = PBXFileReference; fileEncoding = 4; lastKnownFileType = sourcecode.c.h; path = AppDelegate.h; sourceTree = "<group>"; };
		1D3623250D0F684500981E51 /* AppDelegate.m */ = {isa = PBXFileReference; fileEncoding = 4; lastKnownFileType = sourcecode.c.objc; path = AppDelegate.m; sourceTree = "<group>"; };
		1D6058910D05DD3D006BFB54 /* TryOn Alpha App.app */ = {isa = PBXFileReference; explicitFileType = wrapper.application; includeInIndex = 0; path = "TryOn Alpha App.app"; sourceTree = BUILT_PRODUCTS_DIR; };
		29B97316FDCFA39411CA2CEA /* main.m */ = {isa = PBXFileReference; fileEncoding = 4; lastKnownFileType = sourcecode.c.objc; path = main.m; sourceTree = "<group>"; };
		301BF52D109A57CC0062928A /* CordovaLib.xcodeproj */ = {isa = PBXFileReference; lastKnownFileType = "wrapper.pb-project"; path = CordovaLib/CordovaLib.xcodeproj; sourceTree = "<group>"; };
		301BF56E109A69640062928A /* www */ = {isa = PBXFileReference; lastKnownFileType = folder; path = www; sourceTree = SOURCE_ROOT; };
		302D95EE14D2391D003F00A1 /* MainViewController.h */ = {isa = PBXFileReference; fileEncoding = 4; lastKnownFileType = sourcecode.c.h; path = MainViewController.h; sourceTree = "<group>"; };
		302D95EF14D2391D003F00A1 /* MainViewController.m */ = {isa = PBXFileReference; fileEncoding = 4; lastKnownFileType = sourcecode.c.objc; path = MainViewController.m; sourceTree = "<group>"; };
		302D95F014D2391D003F00A1 /* MainViewController.xib */ = {isa = PBXFileReference; fileEncoding = 4; lastKnownFileType = file.xib; path = MainViewController.xib; sourceTree = "<group>"; };
		3047A50F1AB8059700498E2A /* build-debug.xcconfig */ = {isa = PBXFileReference; fileEncoding = 4; lastKnownFileType = text.xcconfig; name = "build-debug.xcconfig"; path = cordova/build-debug.xcconfig; sourceTree = SOURCE_ROOT; };
		3047A5101AB8059700498E2A /* build-release.xcconfig */ = {isa = PBXFileReference; fileEncoding = 4; lastKnownFileType = text.xcconfig; name = "build-release.xcconfig"; path = cordova/build-release.xcconfig; sourceTree = SOURCE_ROOT; };
		3047A5111AB8059700498E2A /* build.xcconfig */ = {isa = PBXFileReference; fileEncoding = 4; lastKnownFileType = text.xcconfig; name = build.xcconfig; path = cordova/build.xcconfig; sourceTree = SOURCE_ROOT; };
		32CA4F630368D1EE00C91783 /* TryOn Alpha App-Prefix.pch */ = {isa = PBXFileReference; fileEncoding = 4; lastKnownFileType = sourcecode.c.h; path = "TryOn Alpha App-Prefix.pch"; sourceTree = "<group>"; };
		6AFF5BF81D6E424B00AB3073 /* CDVLaunchScreen.storyboard */ = {isa = PBXFileReference; fileEncoding = 4; lastKnownFileType = file.storyboard; name = CDVLaunchScreen.storyboard; path = "TryOn Alpha App/CDVLaunchScreen.storyboard"; sourceTree = SOURCE_ROOT; };
		8D1107310486CEB800E47090 /* TryOn Alpha App-Info.plist */ = {isa = PBXFileReference; fileEncoding = 4; lastKnownFileType = text.plist.xml; name = "TryOn Alpha App-Info.plist"; path = "TryOn Alpha App/TryOn Alpha App-Info.plist"; plistStructureDefinitionIdentifier = "com.apple.xcode.plist.structure-definition.iphone.info-plist"; sourceTree = SOURCE_ROOT; };
		EB87FDF31871DA8E0020F90C /* www */ = {isa = PBXFileReference; lastKnownFileType = folder; name = www; path = ../../www; sourceTree = "<group>"; };
		EB87FDF41871DAF40020F90C /* config.xml */ = {isa = PBXFileReference; lastKnownFileType = text.xml; name = config.xml; path = ../../config.xml; sourceTree = "<group>"; };
		F840E1F0165FE0F500CFE078 /* config.xml */ = {isa = PBXFileReference; lastKnownFileType = text.xml; name = config.xml; path = "TryOn Alpha App/config.xml"; sourceTree = "<group>"; };
		ED33DF2A687741AEAF9F8254 /* Bridging-Header.h */ = {isa = PBXFileReference; fileEncoding = 4; lastKnownFileType = sourcecode.c.h; name = "Bridging-Header.h"; path = "Bridging-Header.h"; sourceTree = "<group>"; };
		D752AD63F9FF42F8898E31E8 /* GoogleMobileAds.framework */ = {isa = PBXFileReference; name = "GoogleMobileAds.framework"; path = "TryOn Alpha App/Plugins/cordova-admob-sdk/GoogleMobileAds.framework"; sourceTree = "<group>"; fileEncoding = undefined; lastKnownFileType = wrapper.framework; explicitFileType = undefined; includeInIndex = 0; };
		F4939C12917A4DE0A6188E23 /* AdSupport.framework */ = {isa = PBXFileReference; name = "AdSupport.framework"; path = "System/Library/Frameworks/AdSupport.framework"; sourceTree = SDKROOT; fileEncoding = undefined; lastKnownFileType = wrapper.framework; explicitFileType = undefined; includeInIndex = 0; };
		7C91DB2821254E6A9D182593 /* AudioToolbox.framework */ = {isa = PBXFileReference; name = "AudioToolbox.framework"; path = "System/Library/Frameworks/AudioToolbox.framework"; sourceTree = SDKROOT; fileEncoding = undefined; lastKnownFileType = wrapper.framework; explicitFileType = undefined; includeInIndex = 0; };
		16B86B373FC24ECB82F619EB /* AVFoundation.framework */ = {isa = PBXFileReference; name = "AVFoundation.framework"; path = "System/Library/Frameworks/AVFoundation.framework"; sourceTree = SDKROOT; fileEncoding = undefined; lastKnownFileType = wrapper.framework; explicitFileType = undefined; includeInIndex = 0; };
		A9BFCDA8481042E29A405FC3 /* CoreBluetooth.framework */ = {isa = PBXFileReference; name = "CoreBluetooth.framework"; path = "System/Library/Frameworks/CoreBluetooth.framework"; sourceTree = SDKROOT; fileEncoding = undefined; lastKnownFileType = wrapper.framework; explicitFileType = undefined; includeInIndex = 0; };
		8061CF8085C24D05ABE69148 /* CoreMedia.framework */ = {isa = PBXFileReference; name = "CoreMedia.framework"; path = "System/Library/Frameworks/CoreMedia.framework"; sourceTree = SDKROOT; fileEncoding = undefined; lastKnownFileType = wrapper.framework; explicitFileType = undefined; includeInIndex = 0; };
		E6F7CE0D227743F2AFA2F6BB /* CoreMotion.framework */ = {isa = PBXFileReference; name = "CoreMotion.framework"; path = "System/Library/Frameworks/CoreMotion.framework"; sourceTree = SDKROOT; fileEncoding = undefined; lastKnownFileType = wrapper.framework; explicitFileType = undefined; includeInIndex = 0; };
		602648F940A5478DB057150F /* CoreTelephony.framework */ = {isa = PBXFileReference; name = "CoreTelephony.framework"; path = "System/Library/Frameworks/CoreTelephony.framework"; sourceTree = SDKROOT; fileEncoding = undefined; lastKnownFileType = wrapper.framework; explicitFileType = undefined; includeInIndex = 0; };
		04B0B86EFF794BC5868B7A62 /* CoreVideo.framework */ = {isa = PBXFileReference; name = "CoreVideo.framework"; path = "System/Library/Frameworks/CoreVideo.framework"; sourceTree = SDKROOT; fileEncoding = undefined; lastKnownFileType = wrapper.framework; explicitFileType = undefined; includeInIndex = 0; };
		579EB914B02C4D8998252C98 /* EventKit.framework */ = {isa = PBXFileReference; name = "EventKit.framework"; path = "System/Library/Frameworks/EventKit.framework"; sourceTree = SDKROOT; fileEncoding = undefined; lastKnownFileType = wrapper.framework; explicitFileType = undefined; includeInIndex = 0; };
		2A3B7813793E45E0B085D1B5 /* EventKitUI.framework */ = {isa = PBXFileReference; name = "EventKitUI.framework"; path = "System/Library/Frameworks/EventKitUI.framework"; sourceTree = SDKROOT; fileEncoding = undefined; lastKnownFileType = wrapper.framework; explicitFileType = undefined; includeInIndex = 0; };
		F91962C8C8B7493EBF0DEA3A /* Foundation.framework */ = {isa = PBXFileReference; name = "Foundation.framework"; path = "System/Library/Frameworks/Foundation.framework"; sourceTree = SDKROOT; fileEncoding = undefined; lastKnownFileType = wrapper.framework; explicitFileType = undefined; includeInIndex = 0; };
		C715ABE6E15B459EB256FA89 /* GLKit.framework */ = {isa = PBXFileReference; name = "GLKit.framework"; path = "System/Library/Frameworks/GLKit.framework"; sourceTree = SDKROOT; fileEncoding = undefined; lastKnownFileType = wrapper.framework; explicitFileType = undefined; includeInIndex = 0; };
		CA330604BD3A4BE28BE8C387 /* MediaPlayer.framework */ = {isa = PBXFileReference; name = "MediaPlayer.framework"; path = "System/Library/Frameworks/MediaPlayer.framework"; sourceTree = SDKROOT; fileEncoding = undefined; lastKnownFileType = wrapper.framework; explicitFileType = undefined; includeInIndex = 0; };
		099ABAAAA0494B64B0CBE5D5 /* MessageUI.framework */ = {isa = PBXFileReference; name = "MessageUI.framework"; path = "System/Library/Frameworks/MessageUI.framework"; sourceTree = SDKROOT; fileEncoding = undefined; lastKnownFileType = wrapper.framework; explicitFileType = undefined; includeInIndex = 0; };
		25929C5C88054F2CA334F5FD /* OpenGLES.framework */ = {isa = PBXFileReference; name = "OpenGLES.framework"; path = "System/Library/Frameworks/OpenGLES.framework"; sourceTree = SDKROOT; fileEncoding = undefined; lastKnownFileType = wrapper.framework; explicitFileType = undefined; includeInIndex = 0; };
		40D65BA1FB584D40A53146DB /* SafariServices.framework */ = {isa = PBXFileReference; name = "SafariServices.framework"; path = "System/Library/Frameworks/SafariServices.framework"; sourceTree = SDKROOT; fileEncoding = undefined; lastKnownFileType = wrapper.framework; explicitFileType = undefined; includeInIndex = 0; };
		2AB926AEAD144DB3B92F35BD /* StoreKit.framework */ = {isa = PBXFileReference; name = "StoreKit.framework"; path = "System/Library/Frameworks/StoreKit.framework"; sourceTree = SDKROOT; fileEncoding = undefined; lastKnownFileType = wrapper.framework; explicitFileType = undefined; includeInIndex = 0; };
		2D5F547AFF8F410AAEFD06BB /* SystemConfiguration.framework */ = {isa = PBXFileReference; name = "SystemConfiguration.framework"; path = "System/Library/Frameworks/SystemConfiguration.framework"; sourceTree = SDKROOT; fileEncoding = undefined; lastKnownFileType = wrapper.framework; explicitFileType = undefined; includeInIndex = 0; };
		E1085292F5BD41AC81996955 /* UIKit.framework */ = {isa = PBXFileReference; name = "UIKit.framework"; path = "System/Library/Frameworks/UIKit.framework"; sourceTree = SDKROOT; fileEncoding = undefined; lastKnownFileType = wrapper.framework; explicitFileType = undefined; includeInIndex = 0; };
		BC85FBB72207499589FCE076 /* CDVAdMob.m */ = {isa = PBXFileReference; name = "CDVAdMob.m"; path = "cordova-plugin-admob-free/CDVAdMob.m"; sourceTree = "<group>"; fileEncoding = 4; lastKnownFileType = sourcecode.c.objc; explicitFileType = undefined; includeInIndex = 0; };
		AA953C2938E4438C8EE88542 /* CDVAdMob.h */ = {isa = PBXFileReference; name = "CDVAdMob.h"; path = "cordova-plugin-admob-free/CDVAdMob.h"; sourceTree = "<group>"; fileEncoding = 4; lastKnownFileType = sourcecode.c.h; explicitFileType = undefined; includeInIndex = 0; };
		DDF111E307BC46E9B187A6B5 /* AppVersion.m */ = {isa = PBXFileReference; name = "AppVersion.m"; path = "cordova-plugin-app-version/AppVersion.m"; sourceTree = "<group>"; fileEncoding = 4; lastKnownFileType = sourcecode.c.objc; explicitFileType = undefined; includeInIndex = 0; };
		0A689B1157574D8A8B9E07B5 /* AppVersion.h */ = {isa = PBXFileReference; name = "AppVersion.h"; path = "cordova-plugin-app-version/AppVersion.h"; sourceTree = "<group>"; fileEncoding = 4; lastKnownFileType = sourcecode.c.h; explicitFileType = undefined; includeInIndex = 0; };
		2775A33D11354B4EB88253B6 /* CDVDevice.m */ = {isa = PBXFileReference; name = "CDVDevice.m"; path = "cordova-plugin-device/CDVDevice.m"; sourceTree = "<group>"; fileEncoding = 4; lastKnownFileType = sourcecode.c.objc; explicitFileType = undefined; includeInIndex = 0; };
		1B8408F5DFCB4C399FA1B4A4 /* CDVDevice.h */ = {isa = PBXFileReference; name = "CDVDevice.h"; path = "cordova-plugin-device/CDVDevice.h"; sourceTree = "<group>"; fileEncoding = 4; lastKnownFileType = sourcecode.c.h; explicitFileType = undefined; includeInIndex = 0; };
		E03A6E559860443E8960778B /* FacebookConnectPlugin.m */ = {isa = PBXFileReference; name = "FacebookConnectPlugin.m"; path = "cordova-plugin-facebook4/FacebookConnectPlugin.m"; sourceTree = "<group>"; fileEncoding = 4; lastKnownFileType = sourcecode.c.objc; explicitFileType = undefined; includeInIndex = 0; };
		1A70DB71BE554D979B06ADCF /* FacebookConnectPlugin.h */ = {isa = PBXFileReference; name = "FacebookConnectPlugin.h"; path = "cordova-plugin-facebook4/FacebookConnectPlugin.h"; sourceTree = "<group>"; fileEncoding = 4; lastKnownFileType = sourcecode.c.h; explicitFileType = undefined; includeInIndex = 0; };
		3836D3B1F981440D8E50B044 /* Bolts.framework */ = {isa = PBXFileReference; name = "Bolts.framework"; path = "TryOn Alpha App/Plugins/cordova-plugin-facebook4/Bolts.framework"; sourceTree = "<group>"; fileEncoding = undefined; lastKnownFileType = wrapper.framework; explicitFileType = undefined; includeInIndex = 0; };
		335840EB955344DAAFFF347D /* FBSDKCoreKit.framework */ = {isa = PBXFileReference; name = "FBSDKCoreKit.framework"; path = "TryOn Alpha App/Plugins/cordova-plugin-facebook4/FBSDKCoreKit.framework"; sourceTree = "<group>"; fileEncoding = undefined; lastKnownFileType = wrapper.framework; explicitFileType = undefined; includeInIndex = 0; };
		0EA764ED80C5494ABD30292A /* FBSDKLoginKit.framework */ = {isa = PBXFileReference; name = "FBSDKLoginKit.framework"; path = "TryOn Alpha App/Plugins/cordova-plugin-facebook4/FBSDKLoginKit.framework"; sourceTree = "<group>"; fileEncoding = undefined; lastKnownFileType = wrapper.framework; explicitFileType = undefined; includeInIndex = 0; };
		79A979DE6DBA4A28A817010F /* FBSDKShareKit.framework */ = {isa = PBXFileReference; name = "FBSDKShareKit.framework"; path = "TryOn Alpha App/Plugins/cordova-plugin-facebook4/FBSDKShareKit.framework"; sourceTree = "<group>"; fileEncoding = undefined; lastKnownFileType = wrapper.framework; explicitFileType = undefined; includeInIndex = 0; };
		BAFD1EE197854A6D8F348EAE /* CDVInAppBrowser.m */ = {isa = PBXFileReference; name = "CDVInAppBrowser.m"; path = "cordova-plugin-inappbrowser/CDVInAppBrowser.m"; sourceTree = "<group>"; fileEncoding = 4; lastKnownFileType = sourcecode.c.objc; explicitFileType = undefined; includeInIndex = 0; };
		C8C2526360994C0B8E41964C /* CDVInAppBrowser.h */ = {isa = PBXFileReference; name = "CDVInAppBrowser.h"; path = "cordova-plugin-inappbrowser/CDVInAppBrowser.h"; sourceTree = "<group>"; fileEncoding = 4; lastKnownFileType = sourcecode.c.h; explicitFileType = undefined; includeInIndex = 0; };
		66A12119BC9041CF94E0A7E8 /* CDVSpinnerDialog.m */ = {isa = PBXFileReference; name = "CDVSpinnerDialog.m"; path = "cordova-plugin-native-spinner/CDVSpinnerDialog.m"; sourceTree = "<group>"; fileEncoding = 4; lastKnownFileType = sourcecode.c.objc; explicitFileType = undefined; includeInIndex = 0; };
		9F622FB88A664CC5B5E36041 /* CDVSpinnerDialog.h */ = {isa = PBXFileReference; name = "CDVSpinnerDialog.h"; path = "cordova-plugin-native-spinner/CDVSpinnerDialog.h"; sourceTree = "<group>"; fileEncoding = 4; lastKnownFileType = sourcecode.c.h; explicitFileType = undefined; includeInIndex = 0; };
		C09595B386324733ADC32188 /* CDVConnection.m */ = {isa = PBXFileReference; name = "CDVConnection.m"; path = "cordova-plugin-network-information/CDVConnection.m"; sourceTree = "<group>"; fileEncoding = 4; lastKnownFileType = sourcecode.c.objc; explicitFileType = undefined; includeInIndex = 0; };
		CB21A88D56B548FBA53F939E /* CDVReachability.m */ = {isa = PBXFileReference; name = "CDVReachability.m"; path = "cordova-plugin-network-information/CDVReachability.m"; sourceTree = "<group>"; fileEncoding = 4; lastKnownFileType = sourcecode.c.objc; explicitFileType = undefined; includeInIndex = 0; };
		46662BC6BF8A4EC8879330B3 /* CDVConnection.h */ = {isa = PBXFileReference; name = "CDVConnection.h"; path = "cordova-plugin-network-information/CDVConnection.h"; sourceTree = "<group>"; fileEncoding = 4; lastKnownFileType = sourcecode.c.h; explicitFileType = undefined; includeInIndex = 0; };
		2E4FAE6EE9AF48AD9DC47938 /* CDVReachability.h */ = {isa = PBXFileReference; name = "CDVReachability.h"; path = "cordova-plugin-network-information/CDVReachability.h"; sourceTree = "<group>"; fileEncoding = 4; lastKnownFileType = sourcecode.c.h; explicitFileType = undefined; includeInIndex = 0; };
		C8B71641129F41188874A0E6 /* CDVSplashScreen.m */ = {isa = PBXFileReference; name = "CDVSplashScreen.m"; path = "cordova-plugin-splashscreen/CDVSplashScreen.m"; sourceTree = "<group>"; fileEncoding = 4; lastKnownFileType = sourcecode.c.objc; explicitFileType = undefined; includeInIndex = 0; };
		DDA612780EC94A4FBAB7FA30 /* CDVViewController+SplashScreen.m */ = {isa = PBXFileReference; name = "CDVViewController+SplashScreen.m"; path = "cordova-plugin-splashscreen/CDVViewController+SplashScreen.m"; sourceTree = "<group>"; fileEncoding = 4; lastKnownFileType = sourcecode.c.objc; explicitFileType = undefined; includeInIndex = 0; };
		A9897FF1520D4EFCBF869696 /* CDVSplashScreen.h */ = {isa = PBXFileReference; name = "CDVSplashScreen.h"; path = "cordova-plugin-splashscreen/CDVSplashScreen.h"; sourceTree = "<group>"; fileEncoding = 4; lastKnownFileType = sourcecode.c.h; explicitFileType = undefined; includeInIndex = 0; };
		E196C6A2B488486FB47CF86D /* CDVViewController+SplashScreen.h */ = {isa = PBXFileReference; name = "CDVViewController+SplashScreen.h"; path = "cordova-plugin-splashscreen/CDVViewController+SplashScreen.h"; sourceTree = "<group>"; fileEncoding = 4; lastKnownFileType = sourcecode.c.h; explicitFileType = undefined; includeInIndex = 0; };
		5476855116204FCA8EFE3C6A /* CDVStatusBar.m */ = {isa = PBXFileReference; name = "CDVStatusBar.m"; path = "cordova-plugin-statusbar/CDVStatusBar.m"; sourceTree = "<group>"; fileEncoding = 4; lastKnownFileType = sourcecode.c.objc; explicitFileType = undefined; includeInIndex = 0; };
		F056BE145BE3491FB1D68271 /* CDVStatusBar.h */ = {isa = PBXFileReference; name = "CDVStatusBar.h"; path = "cordova-plugin-statusbar/CDVStatusBar.h"; sourceTree = "<group>"; fileEncoding = 4; lastKnownFileType = sourcecode.c.h; explicitFileType = undefined; includeInIndex = 0; };
		AEB352E1B08E4289910C5015 /* CDVThemeableBrowser.m */ = {isa = PBXFileReference; name = "CDVThemeableBrowser.m"; path = "cordova-plugin-themeablebrowser/CDVThemeableBrowser.m"; sourceTree = "<group>"; fileEncoding = 4; lastKnownFileType = sourcecode.c.objc; explicitFileType = undefined; includeInIndex = 0; };
		5222607BB8D14D2A8851868E /* CDVThemeableBrowser.h */ = {isa = PBXFileReference; name = "CDVThemeableBrowser.h"; path = "cordova-plugin-themeablebrowser/CDVThemeableBrowser.h"; sourceTree = "<group>"; fileEncoding = 4; lastKnownFileType = sourcecode.c.h; explicitFileType = undefined; includeInIndex = 0; };
		983A334F2BE744F5A6F6EEAD /* NSString+SSURLEncoding.m */ = {isa = PBXFileReference; name = "NSString+SSURLEncoding.m"; path = "cordova-plugin-x-socialsharing/NSString+SSURLEncoding.m"; sourceTree = "<group>"; fileEncoding = 4; lastKnownFileType = sourcecode.c.objc; explicitFileType = undefined; includeInIndex = 0; };
		0460E499F3524816B6015DAC /* SocialSharing.m */ = {isa = PBXFileReference; name = "SocialSharing.m"; path = "cordova-plugin-x-socialsharing/SocialSharing.m"; sourceTree = "<group>"; fileEncoding = 4; lastKnownFileType = sourcecode.c.objc; explicitFileType = undefined; includeInIndex = 0; };
		10B80C244BBA4146B2FAA94A /* NSString+SSURLEncoding.h */ = {isa = PBXFileReference; name = "NSString+SSURLEncoding.h"; path = "cordova-plugin-x-socialsharing/NSString+SSURLEncoding.h"; sourceTree = "<group>"; fileEncoding = 4; lastKnownFileType = sourcecode.c.h; explicitFileType = undefined; includeInIndex = 0; };
		B4E7E1F6CA534154AE7931E9 /* SocialSharing.h */ = {isa = PBXFileReference; name = "SocialSharing.h"; path = "cordova-plugin-x-socialsharing/SocialSharing.h"; sourceTree = "<group>"; fileEncoding = 4; lastKnownFileType = sourcecode.c.h; explicitFileType = undefined; includeInIndex = 0; };
		0E98F112EDB347E7BDC12413 /* Social.framework */ = {isa = PBXFileReference; name = "Social.framework"; path = "System/Library/Frameworks/Social.framework"; sourceTree = SDKROOT; fileEncoding = undefined; lastKnownFileType = wrapper.framework; explicitFileType = undefined; includeInIndex = 0; };
		C493F54FE36F4E5C9DB574D8 /* Toast+UIView.m */ = {isa = PBXFileReference; name = "Toast+UIView.m"; path = "cordova-plugin-x-toast/Toast+UIView.m"; sourceTree = "<group>"; fileEncoding = 4; lastKnownFileType = sourcecode.c.objc; explicitFileType = undefined; includeInIndex = 0; };
		5E1AD17209364C93B3991FDD /* Toast.m */ = {isa = PBXFileReference; name = "Toast.m"; path = "cordova-plugin-x-toast/Toast.m"; sourceTree = "<group>"; fileEncoding = 4; lastKnownFileType = sourcecode.c.objc; explicitFileType = undefined; includeInIndex = 0; };
		7E62925D8AAE457B8EF3A6D8 /* Toast+UIView.h */ = {isa = PBXFileReference; name = "Toast+UIView.h"; path = "cordova-plugin-x-toast/Toast+UIView.h"; sourceTree = "<group>"; fileEncoding = 4; lastKnownFileType = sourcecode.c.h; explicitFileType = undefined; includeInIndex = 0; };
		31D9FF1D28F94982B880CB9A /* Toast.h */ = {isa = PBXFileReference; name = "Toast.h"; path = "cordova-plugin-x-toast/Toast.h"; sourceTree = "<group>"; fileEncoding = 4; lastKnownFileType = sourcecode.c.h; explicitFileType = undefined; includeInIndex = 0; };
		6B1086C5798A485FB0FF8637 /* QuartzCore.framework */ = {isa = PBXFileReference; name = "QuartzCore.framework"; path = "System/Library/Frameworks/QuartzCore.framework"; sourceTree = SDKROOT; fileEncoding = undefined; lastKnownFileType = wrapper.framework; explicitFileType = undefined; includeInIndex = 0; };
		68DCB2BA8013444DA7B8CD52 /* IonicKeyboard.m */ = {isa = PBXFileReference; name = "IonicKeyboard.m"; path = "ionic-plugin-keyboard/IonicKeyboard.m"; sourceTree = "<group>"; fileEncoding = 4; lastKnownFileType = sourcecode.c.objc; explicitFileType = undefined; includeInIndex = 0; };
		650D0CD633BE4C1181C58CAA /* IonicKeyboard.h */ = {isa = PBXFileReference; name = "IonicKeyboard.h"; path = "ionic-plugin-keyboard/IonicKeyboard.h"; sourceTree = "<group>"; fileEncoding = 4; lastKnownFileType = sourcecode.c.h; explicitFileType = undefined; includeInIndex = 0; };
		A1FA3C0F419F42FA8BD73A46 /* OneSignalPush.m */ = {isa = PBXFileReference; name = "OneSignalPush.m"; path = "onesignal-cordova-plugin/OneSignalPush.m"; sourceTree = "<group>"; fileEncoding = 4; lastKnownFileType = sourcecode.c.objc; explicitFileType = undefined; includeInIndex = 0; };
		C9637E0ED1F24FDBB537A572 /* OneSignalPush.h */ = {isa = PBXFileReference; name = "OneSignalPush.h"; path = "onesignal-cordova-plugin/OneSignalPush.h"; sourceTree = "<group>"; fileEncoding = 4; lastKnownFileType = sourcecode.c.h; explicitFileType = undefined; includeInIndex = 0; };
		DBD9611AB50142FEB7850E22 /* AppPreferences.m */ = {isa = PBXFileReference; name = "AppPreferences.m"; path = "cordova-plugin-app-preferences/AppPreferences.m"; sourceTree = "<group>"; fileEncoding = 4; lastKnownFileType = sourcecode.c.objc; explicitFileType = undefined; includeInIndex = 0; };
		2CE70BBAB801402DB0092B7B /* AppPreferences.h */ = {isa = PBXFileReference; name = "AppPreferences.h"; path = "cordova-plugin-app-preferences/AppPreferences.h"; sourceTree = "<group>"; fileEncoding = 4; lastKnownFileType = sourcecode.c.h; explicitFileType = undefined; includeInIndex = 0; };
/* End PBXFileReference section */

/* Begin PBXFrameworksBuildPhase section */
		1D60588F0D05DD3D006BFB54 /* Frameworks */ = {
			isa = PBXFrameworksBuildPhase;
			buildActionMask = 2147483647;
			files = (
				301BF552109A68D80062928A /* libCordova.a in Frameworks */,
				006C77423A7443CFAEFB054E /* GoogleMobileAds.framework in Frameworks */,
				816D31DCE6D44C88B65D9F11 /* AdSupport.framework in Frameworks */,
				C88041E5CC584F37AE883B11 /* AudioToolbox.framework in Frameworks */,
				EDBD5D0AE35B4D9E81F2EB73 /* AVFoundation.framework in Frameworks */,
				68D45DF02C9C484B981CFF59 /* CoreBluetooth.framework in Frameworks */,
				5903D2CB29354027B281AE42 /* CoreMedia.framework in Frameworks */,
				627C91B0B5AE49759F0D36B1 /* CoreMotion.framework in Frameworks */,
				53DA4B8D61C8445D94BE80BE /* CoreTelephony.framework in Frameworks */,
				C6B238F7CFEA43D69A411329 /* CoreVideo.framework in Frameworks */,
				A36A55C87D7F44EDAAE8F2BD /* EventKit.framework in Frameworks */,
				123D2DF0E65C40E4A77564F2 /* EventKitUI.framework in Frameworks */,
				12AF31E5A98C494FB2F3FA3F /* Foundation.framework in Frameworks */,
				B83599462582451EBC04A64B /* GLKit.framework in Frameworks */,
				4CFADCDED54548C3BBC27159 /* MediaPlayer.framework in Frameworks */,
				86E6BFC2CE7C4E27940F881A /* MessageUI.framework in Frameworks */,
				A3DB132066CB4606B024375E /* OpenGLES.framework in Frameworks */,
				DDE6A8D2FE1843B89672CB86 /* SafariServices.framework in Frameworks */,
				244A0F99EC604F31841725B8 /* StoreKit.framework in Frameworks */,
				7BA1051BFEB74EDC92D4472F /* SystemConfiguration.framework in Frameworks */,
				7933FB295A7843F79677885C /* UIKit.framework in Frameworks */,
				F35DEBEAF9A1479EB13E177C /* Bolts.framework in Frameworks */,
				FC328381373B457EBBF23002 /* FBSDKCoreKit.framework in Frameworks */,
				FAC18AF92B4143D29A98F79D /* FBSDKLoginKit.framework in Frameworks */,
				988F9A72D03E4C63A3F9F6EF /* FBSDKShareKit.framework in Frameworks */,
				28E00147CFBF4F979598FBE2 /* Social.framework in Frameworks */,
				6881C6FBE2F34301B2BF7D2B /* QuartzCore.framework in Frameworks */,
			);
			runOnlyForDeploymentPostprocessing = 0;
		};
/* End PBXFrameworksBuildPhase section */

/* Begin PBXGroup section */
		080E96DDFE201D6D7F000001 /* Classes */ = {
			isa = PBXGroup;
			children = (
				302D95EE14D2391D003F00A1 /* MainViewController.h */,
				302D95EF14D2391D003F00A1 /* MainViewController.m */,
				302D95F014D2391D003F00A1 /* MainViewController.xib */,
				1D3623240D0F684500981E51 /* AppDelegate.h */,
				1D3623250D0F684500981E51 /* AppDelegate.m */,
			);
			name = Classes;
			path = "TryOn Alpha App/Classes";
			sourceTree = SOURCE_ROOT;
		};
		19C28FACFE9D520D11CA2CBB /* Products */ = {
			isa = PBXGroup;
			children = (
				1D6058910D05DD3D006BFB54 /* TryOn Alpha App.app */,
			);
			name = Products;
			sourceTree = "<group>";
		};
		29B97314FDCFA39411CA2CEA /* CustomTemplate */ = {
			isa = PBXGroup;
			children = (
				EB87FDF41871DAF40020F90C /* config.xml */,
				EB87FDF31871DA8E0020F90C /* www */,
				EB87FDF11871DA420020F90C /* Staging */,
				301BF52D109A57CC0062928A /* CordovaLib.xcodeproj */,
				080E96DDFE201D6D7F000001 /* Classes */,
				307C750510C5A3420062BCA9 /* Plugins */,
				29B97315FDCFA39411CA2CEA /* Other Sources */,
				29B97317FDCFA39411CA2CEA /* Resources */,
				29B97323FDCFA39411CA2CEA /* Frameworks */,
				19C28FACFE9D520D11CA2CBB /* Products */,
			);
			name = CustomTemplate;
			sourceTree = "<group>";
		};
		29B97315FDCFA39411CA2CEA /* Other Sources */ = {
			isa = PBXGroup;
			children = (
				32CA4F630368D1EE00C91783 /* TryOn Alpha App-Prefix.pch */,
				29B97316FDCFA39411CA2CEA /* main.m */,
				ED33DF2A687741AEAF9F8254 /* Bridging-Header.h */,
			);
			name = "Other Sources";
			path = "TryOn Alpha App";
			sourceTree = "<group>";
		};
		29B97317FDCFA39411CA2CEA /* Resources */ = {
			isa = PBXGroup;
			children = (
				0207DA571B56EA530066E2B4 /* Images.xcassets */,
				3047A50E1AB8057F00498E2A /* config */,
				8D1107310486CEB800E47090 /* TryOn Alpha App-Info.plist */,
				6AFF5BF81D6E424B00AB3073 /* CDVLaunchScreen.storyboard */,
			);
			name = Resources;
			path = "TryOn Alpha App/Resources";
			sourceTree = "<group>";
		};
		29B97323FDCFA39411CA2CEA /* Frameworks */ = {
			isa = PBXGroup;
			children = (
				D752AD63F9FF42F8898E31E8 /* GoogleMobileAds.framework */,
				F4939C12917A4DE0A6188E23 /* AdSupport.framework */,
				7C91DB2821254E6A9D182593 /* AudioToolbox.framework */,
				16B86B373FC24ECB82F619EB /* AVFoundation.framework */,
				A9BFCDA8481042E29A405FC3 /* CoreBluetooth.framework */,
				8061CF8085C24D05ABE69148 /* CoreMedia.framework */,
				E6F7CE0D227743F2AFA2F6BB /* CoreMotion.framework */,
				602648F940A5478DB057150F /* CoreTelephony.framework */,
				04B0B86EFF794BC5868B7A62 /* CoreVideo.framework */,
				579EB914B02C4D8998252C98 /* EventKit.framework */,
				2A3B7813793E45E0B085D1B5 /* EventKitUI.framework */,
				F91962C8C8B7493EBF0DEA3A /* Foundation.framework */,
				C715ABE6E15B459EB256FA89 /* GLKit.framework */,
				CA330604BD3A4BE28BE8C387 /* MediaPlayer.framework */,
				099ABAAAA0494B64B0CBE5D5 /* MessageUI.framework */,
				25929C5C88054F2CA334F5FD /* OpenGLES.framework */,
				40D65BA1FB584D40A53146DB /* SafariServices.framework */,
				2AB926AEAD144DB3B92F35BD /* StoreKit.framework */,
				2D5F547AFF8F410AAEFD06BB /* SystemConfiguration.framework */,
				E1085292F5BD41AC81996955 /* UIKit.framework */,
				3836D3B1F981440D8E50B044 /* Bolts.framework */,
				335840EB955344DAAFFF347D /* FBSDKCoreKit.framework */,
				0EA764ED80C5494ABD30292A /* FBSDKLoginKit.framework */,
				79A979DE6DBA4A28A817010F /* FBSDKShareKit.framework */,
				0E98F112EDB347E7BDC12413 /* Social.framework */,
				6B1086C5798A485FB0FF8637 /* QuartzCore.framework */,
			);
			name = Frameworks;
			sourceTree = "<group>";
		};
		301BF52E109A57CC0062928A /* Products */ = {
			isa = PBXGroup;
			children = (
				301BF535109A57CC0062928A /* libCordova.a */,
			);
			name = Products;
			sourceTree = "<group>";
		};
		3047A50E1AB8057F00498E2A /* config */ = {
			isa = PBXGroup;
			children = (
				3047A50F1AB8059700498E2A /* build-debug.xcconfig */,
				3047A5101AB8059700498E2A /* build-release.xcconfig */,
				3047A5111AB8059700498E2A /* build.xcconfig */,
			);
			name = config;
			sourceTree = "<group>";
		};
		307C750510C5A3420062BCA9 /* Plugins */ = {
			isa = PBXGroup;
			children = (
				BC85FBB72207499589FCE076 /* CDVAdMob.m */,
				AA953C2938E4438C8EE88542 /* CDVAdMob.h */,
				DDF111E307BC46E9B187A6B5 /* AppVersion.m */,
				0A689B1157574D8A8B9E07B5 /* AppVersion.h */,
				2775A33D11354B4EB88253B6 /* CDVDevice.m */,
				1B8408F5DFCB4C399FA1B4A4 /* CDVDevice.h */,
				E03A6E559860443E8960778B /* FacebookConnectPlugin.m */,
				1A70DB71BE554D979B06ADCF /* FacebookConnectPlugin.h */,
				BAFD1EE197854A6D8F348EAE /* CDVInAppBrowser.m */,
				C8C2526360994C0B8E41964C /* CDVInAppBrowser.h */,
				66A12119BC9041CF94E0A7E8 /* CDVSpinnerDialog.m */,
				9F622FB88A664CC5B5E36041 /* CDVSpinnerDialog.h */,
				C09595B386324733ADC32188 /* CDVConnection.m */,
				CB21A88D56B548FBA53F939E /* CDVReachability.m */,
				46662BC6BF8A4EC8879330B3 /* CDVConnection.h */,
				2E4FAE6EE9AF48AD9DC47938 /* CDVReachability.h */,
				C8B71641129F41188874A0E6 /* CDVSplashScreen.m */,
				DDA612780EC94A4FBAB7FA30 /* CDVViewController+SplashScreen.m */,
				A9897FF1520D4EFCBF869696 /* CDVSplashScreen.h */,
				E196C6A2B488486FB47CF86D /* CDVViewController+SplashScreen.h */,
				5476855116204FCA8EFE3C6A /* CDVStatusBar.m */,
				F056BE145BE3491FB1D68271 /* CDVStatusBar.h */,
				AEB352E1B08E4289910C5015 /* CDVThemeableBrowser.m */,
				5222607BB8D14D2A8851868E /* CDVThemeableBrowser.h */,
				983A334F2BE744F5A6F6EEAD /* NSString+SSURLEncoding.m */,
				0460E499F3524816B6015DAC /* SocialSharing.m */,
				10B80C244BBA4146B2FAA94A /* NSString+SSURLEncoding.h */,
				B4E7E1F6CA534154AE7931E9 /* SocialSharing.h */,
				C493F54FE36F4E5C9DB574D8 /* Toast+UIView.m */,
				5E1AD17209364C93B3991FDD /* Toast.m */,
				7E62925D8AAE457B8EF3A6D8 /* Toast+UIView.h */,
				31D9FF1D28F94982B880CB9A /* Toast.h */,
				68DCB2BA8013444DA7B8CD52 /* IonicKeyboard.m */,
				650D0CD633BE4C1181C58CAA /* IonicKeyboard.h */,
				A1FA3C0F419F42FA8BD73A46 /* OneSignalPush.m */,
				C9637E0ED1F24FDBB537A572 /* OneSignalPush.h */,
				DBD9611AB50142FEB7850E22 /* AppPreferences.m */,
				2CE70BBAB801402DB0092B7B /* AppPreferences.h */,
			);
			name = Plugins;
			path = "TryOn Alpha App/Plugins";
			sourceTree = SOURCE_ROOT;
		};
		EB87FDF11871DA420020F90C /* Staging */ = {
			isa = PBXGroup;
			children = (
				F840E1F0165FE0F500CFE078 /* config.xml */,
				301BF56E109A69640062928A /* www */,
			);
			name = Staging;
			sourceTree = "<group>";
		};
/* End PBXGroup section */

/* Begin PBXNativeTarget section */
		1D6058900D05DD3D006BFB54 /* TryOn Alpha App */ = {
			isa = PBXNativeTarget;
			buildConfigurationList = 1D6058960D05DD3E006BFB54 /* Build configuration list for PBXNativeTarget "TryOn Alpha App" */;
			buildPhases = (
				304B58A110DAC018002A0835 /* Copy www directory */,
				1D60588D0D05DD3D006BFB54 /* Resources */,
				1D60588E0D05DD3D006BFB54 /* Sources */,
				1D60588F0D05DD3D006BFB54 /* Frameworks */,
			);
			buildRules = (
			);
			dependencies = (
				301BF551109A68C00062928A /* PBXTargetDependency */,
			);
			name = "TryOn Alpha App";
			productName = "TryOn Alpha App";
			productReference = 1D6058910D05DD3D006BFB54 /* TryOn Alpha App.app */;
			productType = "com.apple.product-type.application";
		};
/* End PBXNativeTarget section */

/* Begin PBXProject section */
		29B97313FDCFA39411CA2CEA /* Project object */ = {
			isa = PBXProject;
			attributes = {
				LastUpgradeCheck = 510;
			};
			buildConfigurationList = C01FCF4E08A954540054247B /* Build configuration list for PBXProject "__NON-CLI__" */;
			compatibilityVersion = "Xcode 3.2";
			developmentRegion = English;
			hasScannedForEncodings = 1;
			mainGroup = 29B97314FDCFA39411CA2CEA /* CustomTemplate */;
			projectDirPath = "";
			projectReferences = (
				{
					ProductGroup = 301BF52E109A57CC0062928A /* Products */;
					ProjectRef = 301BF52D109A57CC0062928A /* CordovaLib.xcodeproj */;
				},
			);
			projectRoot = "";
			targets = (
				1D6058900D05DD3D006BFB54 /* TryOn Alpha App */,
			);
		};
/* End PBXProject section */

/* Begin PBXReferenceProxy section */
		301BF535109A57CC0062928A /* libCordova.a */ = {
			isa = PBXReferenceProxy;
			fileType = archive.ar;
			path = libCordova.a;
			remoteRef = 301BF534109A57CC0062928A /* PBXContainerItemProxy */;
			sourceTree = BUILT_PRODUCTS_DIR;
		};
/* End PBXReferenceProxy section */

/* Begin PBXResourcesBuildPhase section */
		1D60588D0D05DD3D006BFB54 /* Resources */ = {
			isa = PBXResourcesBuildPhase;
			buildActionMask = 2147483647;
			files = (
				302D95F214D2391D003F00A1 /* MainViewController.xib in Resources */,
				0207DA581B56EA530066E2B4 /* Images.xcassets in Resources */,
				6AFF5BF91D6E424B00AB3073 /* CDVLaunchScreen.storyboard in Resources */,
			);
			runOnlyForDeploymentPostprocessing = 0;
		};
/* End PBXResourcesBuildPhase section */

/* Begin PBXShellScriptBuildPhase section */
		304B58A110DAC018002A0835 /* Copy www directory */ = {
			isa = PBXShellScriptBuildPhase;
			buildActionMask = 2147483647;
			files = (
			);
			inputPaths = (
			);
			name = "Copy www directory";
			outputPaths = (
			);
			runOnlyForDeploymentPostprocessing = 0;
			shellPath = /bin/sh;
			shellScript = "NODEJS_PATH=/usr/local/bin; NVM_NODE_PATH=~/.nvm/versions/node/`nvm version 2>/dev/null`/bin; N_NODE_PATH=`find /usr/local/n/versions/node/* -maxdepth 0 -type d 2>/dev/null | tail -1`/bin; XCODE_NODE_PATH=`xcode-select --print-path`/usr/share/xcs/Node/bin; PATH=$NODEJS_PATH:$NVM_NODE_PATH:$N_NODE_PATH:$XCODE_NODE_PATH:$PATH && node cordova/lib/copy-www-build-step.js";
			showEnvVarsInLog = 0;
		};
/* End PBXShellScriptBuildPhase section */

/* Begin PBXSourcesBuildPhase section */
		1D60588E0D05DD3D006BFB54 /* Sources */ = {
			isa = PBXSourcesBuildPhase;
			buildActionMask = 2147483647;
			files = (
				1D60589B0D05DD56006BFB54 /* main.m in Sources */,
				1D3623260D0F684500981E51 /* AppDelegate.m in Sources */,
				302D95F114D2391D003F00A1 /* MainViewController.m in Sources */,
				D1DC6742FD2F4636ACA85183 /* CDVAdMob.m in Sources */,
				8BF5047FD7F14CB19F23700D /* AppVersion.m in Sources */,
				3363FD256C3A43AAA4D1D154 /* CDVDevice.m in Sources */,
				EBD307B63FFF4B05901E057E /* FacebookConnectPlugin.m in Sources */,
				6B8548331553450E9E767CAB /* CDVInAppBrowser.m in Sources */,
				5B730E490C994A2F8FDCD5F5 /* CDVSpinnerDialog.m in Sources */,
				AF6572AE651F45DFAE3BC967 /* CDVConnection.m in Sources */,
				4994B9A28F014135810A16EA /* CDVReachability.m in Sources */,
				D8126205DFE6460BA8F116CF /* CDVSplashScreen.m in Sources */,
				FBFDD96A608D426386B4585A /* CDVViewController+SplashScreen.m in Sources */,
				1DF00C4BBD3B44BC87BB3E86 /* CDVStatusBar.m in Sources */,
				13C8F8CBCDDF438CB25D75E9 /* CDVThemeableBrowser.m in Sources */,
				A52A6E2337934047B3C24375 /* NSString+SSURLEncoding.m in Sources */,
				99217824B4C14645BB331F81 /* SocialSharing.m in Sources */,
				BAF520CC88E94DB88B53BF87 /* Toast+UIView.m in Sources */,
				E157F73CB54544659BC5894F /* Toast.m in Sources */,
				D75B1CBD5CBF4D379472BCC6 /* IonicKeyboard.m in Sources */,
				9C27E6A8E0D243DCAD8A6D79 /* OneSignalPush.m in Sources */,
				B7D4648ABFA34A5E86969325 /* AppPreferences.m in Sources */,
			);
			runOnlyForDeploymentPostprocessing = 0;
		};
/* End PBXSourcesBuildPhase section */

/* Begin PBXTargetDependency section */
		301BF551109A68C00062928A /* PBXTargetDependency */ = {
			isa = PBXTargetDependency;
			name = CordovaLib;
			targetProxy = 301BF550109A68C00062928A /* PBXContainerItemProxy */;
		};
/* End PBXTargetDependency section */

/* Begin XCBuildConfiguration section */
		1D6058940D05DD3E006BFB54 /* Debug */ = {
			isa = XCBuildConfiguration;
			baseConfigurationReference = 3047A50F1AB8059700498E2A /* build-debug.xcconfig */;
			buildSettings = {
				ALWAYS_SEARCH_USER_PATHS = NO;
				ASSETCATALOG_COMPILER_APPICON_NAME = AppIcon;
				ASSETCATALOG_COMPILER_LAUNCHIMAGE_NAME = LaunchImage;
				CLANG_ENABLE_MODULES = YES;
				CLANG_ENABLE_OBJC_ARC = YES;
				COPY_PHASE_STRIP = NO;
				GCC_DYNAMIC_NO_PIC = NO;
				GCC_OPTIMIZATION_LEVEL = 0;
				GCC_PRECOMPILE_PREFIX_HEADER = YES;
				GCC_PREFIX_HEADER = "TryOn Alpha App/TryOn Alpha App-Prefix.pch";
				GCC_THUMB_SUPPORT = NO;
				GCC_VERSION = "";
				INFOPLIST_FILE = "TryOn Alpha App/TryOn Alpha App-Info.plist";
				IPHONEOS_DEPLOYMENT_TARGET = 9.0;
				LD_RUNPATH_SEARCH_PATHS = "@executable_path/Frameworks";
				TARGETED_DEVICE_FAMILY = "1,2";
				PRODUCT_NAME = "TryOn Alpha App";
				FRAMEWORK_SEARCH_PATHS = (
					"$(inherited)",
					"\"TryOn Alpha App/Plugins/cordova-admob-sdk\"",
					"\"TryOn Alpha App/Plugins/cordova-plugin-facebook4\"",
					"\"TryOn Alpha App/Plugins/cordova-plugin-facebook4\"",
					"\"TryOn Alpha App/Plugins/cordova-plugin-facebook4\"",
					"\"TryOn Alpha App/Plugins/cordova-plugin-facebook4\"",
				);
			};
			name = Debug;
		};
		1D6058950D05DD3E006BFB54 /* Release */ = {
			isa = XCBuildConfiguration;
			baseConfigurationReference = 3047A5101AB8059700498E2A /* build-release.xcconfig */;
			buildSettings = {
				ALWAYS_SEARCH_USER_PATHS = NO;
				ASSETCATALOG_COMPILER_APPICON_NAME = AppIcon;
				ASSETCATALOG_COMPILER_LAUNCHIMAGE_NAME = LaunchImage;
				CLANG_ENABLE_MODULES = YES;
				CLANG_ENABLE_OBJC_ARC = YES;
				COPY_PHASE_STRIP = YES;
				GCC_PRECOMPILE_PREFIX_HEADER = YES;
				GCC_PREFIX_HEADER = "TryOn Alpha App/TryOn Alpha App-Prefix.pch";
				GCC_THUMB_SUPPORT = NO;
				GCC_VERSION = "";
				INFOPLIST_FILE = "TryOn Alpha App/TryOn Alpha App-Info.plist";
				IPHONEOS_DEPLOYMENT_TARGET = 9.0;
				LD_RUNPATH_SEARCH_PATHS = "@executable_path/Frameworks";
				TARGETED_DEVICE_FAMILY = "1,2";
				PRODUCT_NAME = "TryOn Alpha App";
				FRAMEWORK_SEARCH_PATHS = (
					"$(inherited)",
					"\"TryOn Alpha App/Plugins/cordova-admob-sdk\"",
					"\"TryOn Alpha App/Plugins/cordova-plugin-facebook4\"",
					"\"TryOn Alpha App/Plugins/cordova-plugin-facebook4\"",
					"\"TryOn Alpha App/Plugins/cordova-plugin-facebook4\"",
					"\"TryOn Alpha App/Plugins/cordova-plugin-facebook4\"",
				);
			};
			name = Release;
		};
		C01FCF4F08A954540054247B /* Debug */ = {
			isa = XCBuildConfiguration;
			baseConfigurationReference = 3047A5111AB8059700498E2A /* build.xcconfig */;
			buildSettings = {
				CLANG_ENABLE_MODULES = YES;
				CLANG_ENABLE_OBJC_ARC = YES;
				CLANG_WARN_BOOL_CONVERSION = YES;
				CLANG_WARN_CONSTANT_CONVERSION = YES;
				CLANG_WARN_EMPTY_BODY = YES;
				CLANG_WARN_ENUM_CONVERSION = YES;
				CLANG_WARN_INT_CONVERSION = YES;
				CLANG_WARN__DUPLICATE_METHOD_MATCH = YES;
				GCC_C_LANGUAGE_STANDARD = c99;
				GCC_THUMB_SUPPORT = NO;
				GCC_VERSION = "";
				GCC_WARN_ABOUT_RETURN_TYPE = YES;
				GCC_WARN_UNDECLARED_SELECTOR = YES;
				GCC_WARN_UNINITIALIZED_AUTOS = YES;
				GCC_WARN_UNUSED_FUNCTION = YES;
				GCC_WARN_UNUSED_VARIABLE = YES;
				ONLY_ACTIVE_ARCH = YES;
				SDKROOT = iphoneos;
				SKIP_INSTALL = NO;
			};
			name = Debug;
		};
		C01FCF5008A954540054247B /* Release */ = {
			isa = XCBuildConfiguration;
			baseConfigurationReference = 3047A5111AB8059700498E2A /* build.xcconfig */;
			buildSettings = {
				CLANG_ENABLE_MODULES = YES;
				CLANG_ENABLE_OBJC_ARC = YES;
				CLANG_WARN_BOOL_CONVERSION = YES;
				CLANG_WARN_CONSTANT_CONVERSION = YES;
				CLANG_WARN_EMPTY_BODY = YES;
				CLANG_WARN_ENUM_CONVERSION = YES;
				CLANG_WARN_INT_CONVERSION = YES;
				CLANG_WARN__DUPLICATE_METHOD_MATCH = YES;
				GCC_C_LANGUAGE_STANDARD = c99;
				GCC_THUMB_SUPPORT = NO;
				GCC_VERSION = "";
				GCC_WARN_ABOUT_RETURN_TYPE = YES;
				GCC_WARN_UNDECLARED_SELECTOR = YES;
				GCC_WARN_UNINITIALIZED_AUTOS = YES;
				GCC_WARN_UNUSED_FUNCTION = YES;
				GCC_WARN_UNUSED_VARIABLE = YES;
				SDKROOT = iphoneos;
				SKIP_INSTALL = NO;
			};
			name = Release;
		};
/* End XCBuildConfiguration section */

/* Begin XCConfigurationList section */
		1D6058960D05DD3E006BFB54 /* Build configuration list for PBXNativeTarget "TryOn Alpha App" */ = {
			isa = XCConfigurationList;
			buildConfigurations = (
				1D6058940D05DD3E006BFB54 /* Debug */,
				1D6058950D05DD3E006BFB54 /* Release */,
			);
			defaultConfigurationIsVisible = 0;
			defaultConfigurationName = Release;
		};
		C01FCF4E08A954540054247B /* Build configuration list for PBXProject "__NON-CLI__" */ = {
			isa = XCConfigurationList;
			buildConfigurations = (
				C01FCF4F08A954540054247B /* Debug */,
				C01FCF5008A954540054247B /* Release */,
			);
			defaultConfigurationIsVisible = 0;
			defaultConfigurationName = Release;
		};
/* End XCConfigurationList section */
	};
	rootObject = 29B97313FDCFA39411CA2CEA /* Project object */;
}
